PODS:
  - DeclarativeUI (0.1.0)
  - IQKeyboardManagerSwift (6.5.9)

DEPENDENCIES:
  - DeclarativeUI (from `../`)
  - IQKeyboardManagerSwift

SPEC REPOS:
  trunk:
    - IQKeyboardManagerSwift

EXTERNAL SOURCES:
  DeclarativeUI:
    :path: "../"

SPEC CHECKSUMS:
  DeclarativeUI: 6d6de5948d1cba013cd15a077c2c0bde2def1287
  IQKeyboardManagerSwift: 6e839c575c4aa1078d58a596e41244e77abe918f

PODFILE CHECKSUM: 374bbc26f4abcd4d7729eca10d8bfafa3fbba7c6

COCOAPODS: 1.11.2
